{
  "requires": true,
  "lockfileVersion": 1,
  "dependencies": {
    "axios": {
      "version": "0.26.1",
      "resolved": "https://registry.npmmirror.com/axios/-/axios-0.26.1.tgz",
      "integrity": "sha512-fPwcX4EvnSHuInCMItEhAGnaSEXRBjtzh9fOtsE6E1G6p7vl7edEeZe11QHf18+6+9gR5PbKV/sGKNaD8YaMeA==",
      "requires": {
        "follow-redirects": "1.14.9"
      }
    },
    "follow-redirects": {
      "version": "1.14.9",
      "resolved": "https://registry.npmmirror.com/follow-redirects/-/follow-redirects-1.14.9.tgz",
      "integrity": "sha512-MQDfihBQYMcyy5dhRDJUHcw7lb2Pv/TuE6xP1vyraLukNDHKbDxDNaOE3NbCAdKQApno+GPRyo1YAp89yCjK4w=="
    },
    "jquery": {
      "version": "3.6.0",
      "resolved": "https://registry.npmjs.org/jquery/-/jquery-3.6.0.tgz",
      "integrity": "sha512-JVzAR/AjBvVt2BmYhxRCSYysDsPcssdmTFnzyLEts9qNwmjmu4JTAMYubEfwVOSwpQ1I1sKKFcxhZCI2buerfw=="
    },
    "mark": {
      "version": "8.11.1",
      "resolved":"https://cdnjs.cloudflare.com/ajax/libs/mark.js/8.11.1/jquery.mark.min.js",
      "integrity": "sha512-mhbv5DqBMgrWL+32MmsDOt/OAvqr/cHimk6B8y/bx/xS88MVkYGPiVv2ixKVrkywF2qHplNRUvFsAHUdxZ3Krg=="
    },
    "select2": {
      "version":"4.0.13",
      "resolved": "https://cdnjs.cloudflare.com/ajax/libs/select2/4.0.13/js/select2.min.js",
      "integrity":"sha512-2ImtlRlf2VVmiGZsjm9bEyhjGW4dU7B6TNwh/hx/iSByxNENtj3WVE6o/9Lj4TJeVXPi4bnOIMXFIJJAeufa0A=="
    },
    "tippy": {
      "version": "2.5.4",
      "resolved":"https://cdnjs.cloudflare.com/ajax/libs/tippy.js/2.5.4/tippy.min.js",
      "integrity": "sha512-ZB5t++3TnrK57A+4t/QGMufaq4pJ/Kux2pGJTa5moPJlNehduadMY8W4qdCpcICvdnTwj1cb1hWsmJTYjy/4gA=="
    },
    "popper": {
      "version": "2.6.0",
      "resolved":"https://cdnjs.cloudflare.com/ajax/libs/popper.js/2.6.0/umd/popper.min.js",
      "integrity": "sha512-BmM0/BQlqh02wuK5Gz9yrbe7VyIVwOzD1o40yi1IsTjriX/NGF37NyXHfmFzIlMmoSIBXgqDiG1VNU6kB5dBbA=="
    },
    "bootstrap": {
      "version": "5.1.3",
      "resolved":"https://cdn.jsdelivr.net/npm/bootstrap@5.1.3/dist/js/bootstrap.min.js" ,
      "integrity": "sha384-QJHtvGhmr9XOIpI6YVutG+2QOK9T+ZnN4kzFN1RtK3zEFEIsxhlmWl5/YESvpZ13" 
    }
  }
}